
Microsoft Visual Studio Solution File, Format Version 12.00
# Visual Studio Version 17
VisualStudioVersion = 17.11.35303.130
MinimumVisualStudioVersion = 10.0.40219.1
Project("{FAE04EC0-301F-11D3-BF4B-00C04F79EFBC}") = "01_MainSubjects", "01_MainSubjects\01_MainSubjects.csproj", "{5781CFA3-E0B7-4595-B8B4-6D6003F622E4}"
EndProject
Project("{FAE04EC0-301F-11D3-BF4B-00C04F79EFBC}") = "02_Variables", "02_Variables\02_Variables.csproj", "{75A655B9-8CD5-46D2-8D0A-E94F74EA0AB2}"
EndProject
Project("{FAE04EC0-301F-11D3-BF4B-00C04F79EFBC}") = "03_MakingDecision", "03_MakingDecisionn\03_MakingDecision.csproj", "{77B4607B-1AD0-4985-843A-6AA98B44C72A}"
EndProject
Project("{FAE04EC0-301F-11D3-BF4B-00C04F79EFBC}") = "04_Loops", "04_Loops\04_Loops.csproj", "{D7934DC4-2343-46ED-B00C-43192B6671BF}"
EndProject
Project("{FAE04EC0-301F-11D3-BF4B-00C04F79EFBC}") = "05_LoopsWithStars", "05_LoopsWithStars\05_LoopsWithStars.csproj", "{E232B581-823E-46BD-B3FE-D443511DA35F}"
EndProject
Project("{FAE04EC0-301F-11D3-BF4B-00C04F79EFBC}") = "06_Arrays", "06_Arrays\06_Arrays.csproj", "{62C70232-6D5F-4CCF-8272-B5B083C879E8}"
EndProject
Project("{FAE04EC0-301F-11D3-BF4B-00C04F79EFBC}") = "07_ForeachLoop", "07_ForeachLoop\07_ForeachLoop.csproj", "{1ABD3102-845C-4D3F-9733-5613E634A526}"
EndProject
Project("{FAE04EC0-301F-11D3-BF4B-00C04F79EFBC}") = "08_Methods", "08_Methods\08_Methods.csproj", "{A79AB098-33D2-4023-8739-B954AABB6683}"
EndProject
Project("{FAE04EC0-301F-11D3-BF4B-00C04F79EFBC}") = "09_DatabaseProject", "09_DatabaseProject\09_DatabaseProject.csproj", "{7F3E26B4-BC39-4555-A579-8060C54B2082}"
EndProject
Project("{FAE04EC0-301F-11D3-BF4B-00C04F79EFBC}") = "10_DatabaseCrud", "10_DatabaseCrud\10_DatabaseCrud.csproj", "{1C1CBB76-E8A9-4CD3-A339-20F666C6A816}"
EndProject
Global
	GlobalSection(SolutionConfigurationPlatforms) = preSolution
		Debug|Any CPU = Debug|Any CPU
		Release|Any CPU = Release|Any CPU
	EndGlobalSection
	GlobalSection(ProjectConfigurationPlatforms) = postSolution
		{5781CFA3-E0B7-4595-B8B4-6D6003F622E4}.Debug|Any CPU.ActiveCfg = Debug|Any CPU
		{5781CFA3-E0B7-4595-B8B4-6D6003F622E4}.Debug|Any CPU.Build.0 = Debug|Any CPU
		{5781CFA3-E0B7-4595-B8B4-6D6003F622E4}.Release|Any CPU.ActiveCfg = Release|Any CPU
		{5781CFA3-E0B7-4595-B8B4-6D6003F622E4}.Release|Any CPU.Build.0 = Release|Any CPU
		{75A655B9-8CD5-46D2-8D0A-E94F74EA0AB2}.Debug|Any CPU.ActiveCfg = Debug|Any CPU
		{75A655B9-8CD5-46D2-8D0A-E94F74EA0AB2}.Debug|Any CPU.Build.0 = Debug|Any CPU
		{75A655B9-8CD5-46D2-8D0A-E94F74EA0AB2}.Release|Any CPU.ActiveCfg = Release|Any CPU
		{75A655B9-8CD5-46D2-8D0A-E94F74EA0AB2}.Release|Any CPU.Build.0 = Release|Any CPU
		{77B4607B-1AD0-4985-843A-6AA98B44C72A}.Debug|Any CPU.ActiveCfg = Debug|Any CPU
		{77B4607B-1AD0-4985-843A-6AA98B44C72A}.Debug|Any CPU.Build.0 = Debug|Any CPU
		{77B4607B-1AD0-4985-843A-6AA98B44C72A}.Release|Any CPU.ActiveCfg = Release|Any CPU
		{77B4607B-1AD0-4985-843A-6AA98B44C72A}.Release|Any CPU.Build.0 = Release|Any CPU
		{D7934DC4-2343-46ED-B00C-43192B6671BF}.Debug|Any CPU.ActiveCfg = Debug|Any CPU
		{D7934DC4-2343-46ED-B00C-43192B6671BF}.Debug|Any CPU.Build.0 = Debug|Any CPU
		{D7934DC4-2343-46ED-B00C-43192B6671BF}.Release|Any CPU.ActiveCfg = Release|Any CPU
		{D7934DC4-2343-46ED-B00C-43192B6671BF}.Release|Any CPU.Build.0 = Release|Any CPU
		{E232B581-823E-46BD-B3FE-D443511DA35F}.Debug|Any CPU.ActiveCfg = Debug|Any CPU
		{E232B581-823E-46BD-B3FE-D443511DA35F}.Debug|Any CPU.Build.0 = Debug|Any CPU
		{E232B581-823E-46BD-B3FE-D443511DA35F}.Release|Any CPU.ActiveCfg = Release|Any CPU
		{E232B581-823E-46BD-B3FE-D443511DA35F}.Release|Any CPU.Build.0 = Release|Any CPU
		{62C70232-6D5F-4CCF-8272-B5B083C879E8}.Debug|Any CPU.ActiveCfg = Debug|Any CPU
		{62C70232-6D5F-4CCF-8272-B5B083C879E8}.Debug|Any CPU.Build.0 = Debug|Any CPU
		{62C70232-6D5F-4CCF-8272-B5B083C879E8}.Release|Any CPU.ActiveCfg = Release|Any CPU
		{62C70232-6D5F-4CCF-8272-B5B083C879E8}.Release|Any CPU.Build.0 = Release|Any CPU
		{1ABD3102-845C-4D3F-9733-5613E634A526}.Debug|Any CPU.ActiveCfg = Debug|Any CPU
		{1ABD3102-845C-4D3F-9733-5613E634A526}.Debug|Any CPU.Build.0 = Debug|Any CPU
		{1ABD3102-845C-4D3F-9733-5613E634A526}.Release|Any CPU.ActiveCfg = Release|Any CPU
		{1ABD3102-845C-4D3F-9733-5613E634A526}.Release|Any CPU.Build.0 = Release|Any CPU
		{A79AB098-33D2-4023-8739-B954AABB6683}.Debug|Any CPU.ActiveCfg = Debug|Any CPU
		{A79AB098-33D2-4023-8739-B954AABB6683}.Debug|Any CPU.Build.0 = Debug|Any CPU
		{A79AB098-33D2-4023-8739-B954AABB6683}.Release|Any CPU.ActiveCfg = Release|Any CPU
		{A79AB098-33D2-4023-8739-B954AABB6683}.Release|Any CPU.Build.0 = Release|Any CPU
		{7F3E26B4-BC39-4555-A579-8060C54B2082}.Debug|Any CPU.ActiveCfg = Debug|Any CPU
		{7F3E26B4-BC39-4555-A579-8060C54B2082}.Debug|Any CPU.Build.0 = Debug|Any CPU
		{7F3E26B4-BC39-4555-A579-8060C54B2082}.Release|Any CPU.ActiveCfg = Release|Any CPU
		{7F3E26B4-BC39-4555-A579-8060C54B2082}.Release|Any CPU.Build.0 = Release|Any CPU
		{1C1CBB76-E8A9-4CD3-A339-20F666C6A816}.Debug|Any CPU.ActiveCfg = Debug|Any CPU
		{1C1CBB76-E8A9-4CD3-A339-20F666C6A816}.Debug|Any CPU.Build.0 = Debug|Any CPU
		{1C1CBB76-E8A9-4CD3-A339-20F666C6A816}.Release|Any CPU.ActiveCfg = Release|Any CPU
		{1C1CBB76-E8A9-4CD3-A339-20F666C6A816}.Release|Any CPU.Build.0 = Release|Any CPU
	EndGlobalSection
	GlobalSection(SolutionProperties) = preSolution
		HideSolutionNode = FALSE
	EndGlobalSection
	GlobalSection(ExtensibilityGlobals) = postSolution
		SolutionGuid = {4C0D9979-9EFA-40A1-BD30-621364E402FF}
	EndGlobalSection
EndGlobal
